
Microsoft Visual Studio Solution File, Format Version 12.00
# Visual Studio Version 16
VisualStudioVersion = 16.0.34601.136
MinimumVisualStudioVersion = 10.0.40219.1
Project("{FAE04EC0-301F-11D3-BF4B-00C04F79EFBC}") = "DiplomApp", "DiplomApp.csproj", "{8B1DC8EC-2F0A-4118-8D6A-9F667164B486}"
EndProject
Global
	GlobalSection(SolutionConfigurationPlatforms) = preSolution
		Debug|Any CPU = Debug|Any CPU
		Release|Any CPU = Release|Any CPU
	EndGlobalSection
	GlobalSection(ProjectConfigurationPlatforms) = postSolution
		{8B1DC8EC-2F0A-4118-8D6A-9F667164B486}.Debug|Any CPU.ActiveCfg = Debug|Any CPU
		{8B1DC8EC-2F0A-4118-8D6A-9F667164B486}.Debug|Any CPU.Build.0 = Debug|Any CPU
		{8B1DC8EC-2F0A-4118-8D6A-9F667164B486}.Release|Any CPU.ActiveCfg = Release|Any CPU
		{8B1DC8EC-2F0A-4118-8D6A-9F667164B486}.Release|Any CPU.Build.0 = Release|Any CPU
	EndGlobalSection
	GlobalSection(SolutionProperties) = preSolution
		HideSolutionNode = FALSE
	EndGlobalSection
	GlobalSection(ExtensibilityGlobals) = postSolution
		SolutionGuid = {6FE4AB4E-5B9C-47B7-AAE0-65812A032AD1}
	EndGlobalSection
EndGlobal
